// !$*UTF8*$!
{
	archiveVersion = 1;
	classes = {
	};
	objectVersion = 46;
	objects = {

/* Begin PBXBuildFile section */
		421C9EF31B9DA28F006B48B9 /* Miscellaneous.swift in Sources */ = {isa = PBXBuildFile; fileRef = 421C9EF21B9DA28F006B48B9 /* Miscellaneous.swift */; };
		42726AA21B9C369D0058888F /* Parsing.swift in Sources */ = {isa = PBXBuildFile; fileRef = 42726AA11B9C369D0058888F /* Parsing.swift */; };
		42726AA41B9C36B40058888F /* TokenString.swift in Sources */ = {isa = PBXBuildFile; fileRef = 42726AA31B9C36B40058888F /* TokenString.swift */; };
		42726AA61B9C36C60058888F /* MyToken.swift in Sources */ = {isa = PBXBuildFile; fileRef = 42726AA51B9C36C60058888F /* MyToken.swift */; };
		427407B81C05FD3B00F7AE96 /* VarArrDec.swift in Sources */ = {isa = PBXBuildFile; fileRef = 427407B71C05FD3B00F7AE96 /* VarArrDec.swift */; };
		427407BA1C064BCF00F7AE96 /* Return.swift in Sources */ = {isa = PBXBuildFile; fileRef = 427407B91C064BCF00F7AE96 /* Return.swift */; };
		4277CA9D1C04931700A10F13 /* ROP.swift in Sources */ = {isa = PBXBuildFile; fileRef = 4277CA9C1C04931700A10F13 /* ROP.swift */; };
		4277CA9F1C04941900A10F13 /* DT.swift in Sources */ = {isa = PBXBuildFile; fileRef = 4277CA9E1C04941900A10F13 /* DT.swift */; };
		4277CAA11C049AFF00A10F13 /* IncDec.swift in Sources */ = {isa = PBXBuildFile; fileRef = 4277CAA01C049AFF00A10F13 /* IncDec.swift */; };
		4277CAA31C049CB000A10F13 /* Cond.swift in Sources */ = {isa = PBXBuildFile; fileRef = 4277CAA21C049CB000A10F13 /* Cond.swift */; };
		4277CAA51C049E0000A10F13 /* Assign.swift in Sources */ = {isa = PBXBuildFile; fileRef = 4277CAA41C049E0000A10F13 /* Assign.swift */; };
		4277CAA71C049F8100A10F13 /* ArrDec.swift in Sources */ = {isa = PBXBuildFile; fileRef = 4277CAA61C049F8100A10F13 /* ArrDec.swift */; };
		4277CAA91C04A36500A10F13 /* IF.swift in Sources */ = {isa = PBXBuildFile; fileRef = 4277CAA81C04A36500A10F13 /* IF.swift */; };
		4277CAAB1C04A4A200A10F13 /* For.swift in Sources */ = {isa = PBXBuildFile; fileRef = 4277CAAA1C04A4A200A10F13 /* For.swift */; };
		4277CAAD1C04A5AC00A10F13 /* ForEach.swift in Sources */ = {isa = PBXBuildFile; fileRef = 4277CAAC1C04A5AC00A10F13 /* ForEach.swift */; };
		4277CAAF1C04A64F00A10F13 /* While.swift in Sources */ = {isa = PBXBuildFile; fileRef = 4277CAAE1C04A64F00A10F13 /* While.swift */; };
		4277CAB11C04A6B200A10F13 /* DoWhile.swift in Sources */ = {isa = PBXBuildFile; fileRef = 4277CAB01C04A6B200A10F13 /* DoWhile.swift */; };
		4277CAB31C04A95100A10F13 /* Func.swift in Sources */ = {isa = PBXBuildFile; fileRef = 4277CAB21C04A95100A10F13 /* Func.swift */; };
		4277CAB51C04AAA100A10F13 /* FuncCall.swift in Sources */ = {isa = PBXBuildFile; fileRef = 4277CAB41C04AAA100A10F13 /* FuncCall.swift */; };
		4277CAB71C04AAF200A10F13 /* Switch.swift in Sources */ = {isa = PBXBuildFile; fileRef = 4277CAB61C04AAF200A10F13 /* Switch.swift */; };
		42A0A8BD1C0465BD005B8C00 /* Body.swift in Sources */ = {isa = PBXBuildFile; fileRef = 42A0A8BC1C0465BD005B8C00 /* Body.swift */; };
		42A0A8BF1C0466AC005B8C00 /* Const.swift in Sources */ = {isa = PBXBuildFile; fileRef = 42A0A8BE1C0466AC005B8C00 /* Const.swift */; };
		42A0A8C11C0466B6005B8C00 /* ID.swift in Sources */ = {isa = PBXBuildFile; fileRef = 42A0A8C01C0466B6005B8C00 /* ID.swift */; };
		42A0A8C31C0466C0005B8C00 /* Exp.swift in Sources */ = {isa = PBXBuildFile; fileRef = 42A0A8C21C0466C0005B8C00 /* Exp.swift */; };
		42A0A8C51C046B43005B8C00 /* ID_Const.swift in Sources */ = {isa = PBXBuildFile; fileRef = 42A0A8C41C046B43005B8C00 /* ID_Const.swift */; };
		42B20ABE1B9CBFA40042779F /* Blue_dot.png in Resources */ = {isa = PBXBuildFile; fileRef = 42B20ABD1B9CBFA40042779F /* Blue_dot.png */; };
		42B310D61C03A86B0093CB90 /* VarDec.swift in Sources */ = {isa = PBXBuildFile; fileRef = 42B310D51C03A86B0093CB90 /* VarDec.swift */; };
		42B310D81C03A8C50093CB90 /* Constants.swift in Sources */ = {isa = PBXBuildFile; fileRef = 42B310D71C03A8C50093CB90 /* Constants.swift */; };
		42FAC8401B90984000C2E75B /* AppDelegate.swift in Sources */ = {isa = PBXBuildFile; fileRef = 42FAC83F1B90984000C2E75B /* AppDelegate.swift */; };
		42FAC8421B90984000C2E75B /* ViewController.swift in Sources */ = {isa = PBXBuildFile; fileRef = 42FAC8411B90984000C2E75B /* ViewController.swift */; };
		42FAC8451B90984000C2E75B /* MyCompiler.xcdatamodeld in Sources */ = {isa = PBXBuildFile; fileRef = 42FAC8431B90984000C2E75B /* MyCompiler.xcdatamodeld */; };
		42FAC8471B90984000C2E75B /* Images.xcassets in Resources */ = {isa = PBXBuildFile; fileRef = 42FAC8461B90984000C2E75B /* Images.xcassets */; };
		42FAC84A1B90984000C2E75B /* Main.storyboard in Resources */ = {isa = PBXBuildFile; fileRef = 42FAC8481B90984000C2E75B /* Main.storyboard */; };
		42FAC8561B90984000C2E75B /* MyCompilerTests.swift in Sources */ = {isa = PBXBuildFile; fileRef = 42FAC8551B90984000C2E75B /* MyCompilerTests.swift */; };
/* End PBXBuildFile section */

/* Begin PBXContainerItemProxy section */
		42FAC8501B90984000C2E75B /* PBXContainerItemProxy */ = {
			isa = PBXContainerItemProxy;
			containerPortal = 42FAC8321B90983F00C2E75B /* Project object */;
			proxyType = 1;
			remoteGlobalIDString = 42FAC8391B90984000C2E75B;
			remoteInfo = MyCompiler;
		};
/* End PBXContainerItemProxy section */

/* Begin PBXFileReference section */
		421C9EF21B9DA28F006B48B9 /* Miscellaneous.swift */ = {isa = PBXFileReference; fileEncoding = 4; lastKnownFileType = sourcecode.swift; path = Miscellaneous.swift; sourceTree = "<group>"; };
		42726AA11B9C369D0058888F /* Parsing.swift */ = {isa = PBXFileReference; fileEncoding = 4; lastKnownFileType = sourcecode.swift; path = Parsing.swift; sourceTree = "<group>"; };
		42726AA31B9C36B40058888F /* TokenString.swift */ = {isa = PBXFileReference; fileEncoding = 4; lastKnownFileType = sourcecode.swift; path = TokenString.swift; sourceTree = "<group>"; };
		42726AA51B9C36C60058888F /* MyToken.swift */ = {isa = PBXFileReference; fileEncoding = 4; lastKnownFileType = sourcecode.swift; path = MyToken.swift; sourceTree = "<group>"; };
		427407B71C05FD3B00F7AE96 /* VarArrDec.swift */ = {isa = PBXFileReference; fileEncoding = 4; lastKnownFileType = sourcecode.swift; path = VarArrDec.swift; sourceTree = "<group>"; };
		427407B91C064BCF00F7AE96 /* Return.swift */ = {isa = PBXFileReference; fileEncoding = 4; lastKnownFileType = sourcecode.swift; path = Return.swift; sourceTree = "<group>"; };
		4277CA9C1C04931700A10F13 /* ROP.swift */ = {isa = PBXFileReference; fileEncoding = 4; lastKnownFileType = sourcecode.swift; path = ROP.swift; sourceTree = "<group>"; };
		4277CA9E1C04941900A10F13 /* DT.swift */ = {isa = PBXFileReference; fileEncoding = 4; lastKnownFileType = sourcecode.swift; path = DT.swift; sourceTree = "<group>"; };
		4277CAA01C049AFF00A10F13 /* IncDec.swift */ = {isa = PBXFileReference; fileEncoding = 4; lastKnownFileType = sourcecode.swift; path = IncDec.swift; sourceTree = "<group>"; };
		4277CAA21C049CB000A10F13 /* Cond.swift */ = {isa = PBXFileReference; fileEncoding = 4; lastKnownFileType = sourcecode.swift; path = Cond.swift; sourceTree = "<group>"; };
		4277CAA41C049E0000A10F13 /* Assign.swift */ = {isa = PBXFileReference; fileEncoding = 4; lastKnownFileType = sourcecode.swift; path = Assign.swift; sourceTree = "<group>"; };
		4277CAA61C049F8100A10F13 /* ArrDec.swift */ = {isa = PBXFileReference; fileEncoding = 4; lastKnownFileType = sourcecode.swift; path = ArrDec.swift; sourceTree = "<group>"; };
		4277CAA81C04A36500A10F13 /* IF.swift */ = {isa = PBXFileReference; fileEncoding = 4; lastKnownFileType = sourcecode.swift; path = IF.swift; sourceTree = "<group>"; };
		4277CAAA1C04A4A200A10F13 /* For.swift */ = {isa = PBXFileReference; fileEncoding = 4; lastKnownFileType = sourcecode.swift; path = For.swift; sourceTree = "<group>"; };
		4277CAAC1C04A5AC00A10F13 /* ForEach.swift */ = {isa = PBXFileReference; fileEncoding = 4; lastKnownFileType = sourcecode.swift; path = ForEach.swift; sourceTree = "<group>"; };
		4277CAAE1C04A64F00A10F13 /* While.swift */ = {isa = PBXFileReference; fileEncoding = 4; lastKnownFileType = sourcecode.swift; path = While.swift; sourceTree = "<group>"; };
		4277CAB01C04A6B200A10F13 /* DoWhile.swift */ = {isa = PBXFileReference; fileEncoding = 4; lastKnownFileType = sourcecode.swift; path = DoWhile.swift; sourceTree = "<group>"; };
		4277CAB21C04A95100A10F13 /* Func.swift */ = {isa = PBXFileReference; fileEncoding = 4; lastKnownFileType = sourcecode.swift; path = Func.swift; sourceTree = "<group>"; };
		4277CAB41C04AAA100A10F13 /* FuncCall.swift */ = {isa = PBXFileReference; fileEncoding = 4; lastKnownFileType = sourcecode.swift; path = FuncCall.swift; sourceTree = "<group>"; };
		4277CAB61C04AAF200A10F13 /* Switch.swift */ = {isa = PBXFileReference; fileEncoding = 4; lastKnownFileType = sourcecode.swift; path = Switch.swift; sourceTree = "<group>"; };
		42A0A8BC1C0465BD005B8C00 /* Body.swift */ = {isa = PBXFileReference; fileEncoding = 4; lastKnownFileType = sourcecode.swift; path = Body.swift; sourceTree = "<group>"; };
		42A0A8BE1C0466AC005B8C00 /* Const.swift */ = {isa = PBXFileReference; fileEncoding = 4; lastKnownFileType = sourcecode.swift; path = Const.swift; sourceTree = "<group>"; };
		42A0A8C01C0466B6005B8C00 /* ID.swift */ = {isa = PBXFileReference; fileEncoding = 4; lastKnownFileType = sourcecode.swift; path = ID.swift; sourceTree = "<group>"; };
		42A0A8C21C0466C0005B8C00 /* Exp.swift */ = {isa = PBXFileReference; fileEncoding = 4; lastKnownFileType = sourcecode.swift; path = Exp.swift; sourceTree = "<group>"; };
		42A0A8C41C046B43005B8C00 /* ID_Const.swift */ = {isa = PBXFileReference; fileEncoding = 4; lastKnownFileType = sourcecode.swift; path = ID_Const.swift; sourceTree = "<group>"; };
		42B20ABD1B9CBFA40042779F /* Blue_dot.png */ = {isa = PBXFileReference; lastKnownFileType = image.png; path = Blue_dot.png; sourceTree = "<group>"; };
		42B310D51C03A86B0093CB90 /* VarDec.swift */ = {isa = PBXFileReference; fileEncoding = 4; lastKnownFileType = sourcecode.swift; path = VarDec.swift; sourceTree = "<group>"; };
		42B310D71C03A8C50093CB90 /* Constants.swift */ = {isa = PBXFileReference; fileEncoding = 4; lastKnownFileType = sourcecode.swift; path = Constants.swift; sourceTree = "<group>"; };
		42FAC83A1B90984000C2E75B /* MyCompiler.app */ = {isa = PBXFileReference; explicitFileType = wrapper.application; includeInIndex = 0; path = MyCompiler.app; sourceTree = BUILT_PRODUCTS_DIR; };
		42FAC83E1B90984000C2E75B /* Info.plist */ = {isa = PBXFileReference; lastKnownFileType = text.plist.xml; path = Info.plist; sourceTree = "<group>"; };
		42FAC83F1B90984000C2E75B /* AppDelegate.swift */ = {isa = PBXFileReference; lastKnownFileType = sourcecode.swift; path = AppDelegate.swift; sourceTree = "<group>"; };
		42FAC8411B90984000C2E75B /* ViewController.swift */ = {isa = PBXFileReference; lastKnownFileType = sourcecode.swift; path = ViewController.swift; sourceTree = "<group>"; };
		42FAC8441B90984000C2E75B /* MyCompiler.xcdatamodel */ = {isa = PBXFileReference; lastKnownFileType = wrapper.xcdatamodel; path = MyCompiler.xcdatamodel; sourceTree = "<group>"; };
		42FAC8461B90984000C2E75B /* Images.xcassets */ = {isa = PBXFileReference; lastKnownFileType = folder.assetcatalog; path = Images.xcassets; sourceTree = "<group>"; };
		42FAC8491B90984000C2E75B /* Base */ = {isa = PBXFileReference; lastKnownFileType = file.storyboard; name = Base; path = Base.lproj/Main.storyboard; sourceTree = "<group>"; };
		42FAC84F1B90984000C2E75B /* MyCompilerTests.xctest */ = {isa = PBXFileReference; explicitFileType = wrapper.cfbundle; includeInIndex = 0; path = MyCompilerTests.xctest; sourceTree = BUILT_PRODUCTS_DIR; };
		42FAC8541B90984000C2E75B /* Info.plist */ = {isa = PBXFileReference; lastKnownFileType = text.plist.xml; path = Info.plist; sourceTree = "<group>"; };
		42FAC8551B90984000C2E75B /* MyCompilerTests.swift */ = {isa = PBXFileReference; lastKnownFileType = sourcecode.swift; path = MyCompilerTests.swift; sourceTree = "<group>"; };
/* End PBXFileReference section */

/* Begin PBXFrameworksBuildPhase section */
		42FAC8371B90984000C2E75B /* Frameworks */ = {
			isa = PBXFrameworksBuildPhase;
			buildActionMask = 2147483647;
			files = (
			);
			runOnlyForDeploymentPostprocessing = 0;
		};
		42FAC84C1B90984000C2E75B /* Frameworks */ = {
			isa = PBXFrameworksBuildPhase;
			buildActionMask = 2147483647;
			files = (
			);
			runOnlyForDeploymentPostprocessing = 0;
		};
/* End PBXFrameworksBuildPhase section */

/* Begin PBXGroup section */
		42726AA01B9C366F0058888F /* MyClasses */ = {
			isa = PBXGroup;
			children = (
				42B20ABD1B9CBFA40042779F /* Blue_dot.png */,
				421C9EF21B9DA28F006B48B9 /* Miscellaneous.swift */,
				42726AA11B9C369D0058888F /* Parsing.swift */,
				42726AA31B9C36B40058888F /* TokenString.swift */,
				42726AA51B9C36C60058888F /* MyToken.swift */,
			);
			name = MyClasses;
			sourceTree = "<group>";
		};
		42B310D41C03A83D0093CB90 /* CFGs */ = {
			isa = PBXGroup;
			children = (
				4277CAA61C049F8100A10F13 /* ArrDec.swift */,
				4277CAA41C049E0000A10F13 /* Assign.swift */,
				427407B91C064BCF00F7AE96 /* Return.swift */,
				427407B71C05FD3B00F7AE96 /* VarArrDec.swift */,
				42A0A8BC1C0465BD005B8C00 /* Body.swift */,
				4277CAA21C049CB000A10F13 /* Cond.swift */,
				42A0A8BE1C0466AC005B8C00 /* Const.swift */,
				4277CAB01C04A6B200A10F13 /* DoWhile.swift */,
				4277CA9E1C04941900A10F13 /* DT.swift */,
				42A0A8C21C0466C0005B8C00 /* Exp.swift */,
				4277CAAA1C04A4A200A10F13 /* For.swift */,
				4277CAAC1C04A5AC00A10F13 /* ForEach.swift */,
				4277CAB21C04A95100A10F13 /* Func.swift */,
				4277CAB41C04AAA100A10F13 /* FuncCall.swift */,
				42A0A8C41C046B43005B8C00 /* ID_Const.swift */,
				42A0A8C01C0466B6005B8C00 /* ID.swift */,
				4277CAA81C04A36500A10F13 /* IF.swift */,
				4277CAA01C049AFF00A10F13 /* IncDec.swift */,
				4277CA9C1C04931700A10F13 /* ROP.swift */,
				4277CAB61C04AAF200A10F13 /* Switch.swift */,
				42B310D51C03A86B0093CB90 /* VarDec.swift */,
				4277CAAE1C04A64F00A10F13 /* While.swift */,
			);
			name = CFGs;
			sourceTree = "<group>";
		};
		42FAC8311B90983F00C2E75B = {
			isa = PBXGroup;
			children = (
				42FAC83C1B90984000C2E75B /* MyCompiler */,
				42FAC8521B90984000C2E75B /* MyCompilerTests */,
				42FAC83B1B90984000C2E75B /* Products */,
			);
			sourceTree = "<group>";
		};
		42FAC83B1B90984000C2E75B /* Products */ = {
			isa = PBXGroup;
			children = (
				42FAC83A1B90984000C2E75B /* MyCompiler.app */,
				42FAC84F1B90984000C2E75B /* MyCompilerTests.xctest */,
			);
			name = Products;
			sourceTree = "<group>";
		};
		42FAC83C1B90984000C2E75B /* MyCompiler */ = {
			isa = PBXGroup;
			children = (
				42B310D71C03A8C50093CB90 /* Constants.swift */,
				42B310D41C03A83D0093CB90 /* CFGs */,
				42726AA01B9C366F0058888F /* MyClasses */,
				42FAC83F1B90984000C2E75B /* AppDelegate.swift */,
				42FAC8411B90984000C2E75B /* ViewController.swift */,
				42FAC8461B90984000C2E75B /* Images.xcassets */,
				42FAC8481B90984000C2E75B /* Main.storyboard */,
				42FAC8431B90984000C2E75B /* MyCompiler.xcdatamodeld */,
				42FAC83D1B90984000C2E75B /* Supporting Files */,
			);
			path = MyCompiler;
			sourceTree = "<group>";
		};
		42FAC83D1B90984000C2E75B /* Supporting Files */ = {
			isa = PBXGroup;
			children = (
				42FAC83E1B90984000C2E75B /* Info.plist */,
			);
			name = "Supporting Files";
			sourceTree = "<group>";
		};
		42FAC8521B90984000C2E75B /* MyCompilerTests */ = {
			isa = PBXGroup;
			children = (
				42FAC8551B90984000C2E75B /* MyCompilerTests.swift */,
				42FAC8531B90984000C2E75B /* Supporting Files */,
			);
			path = MyCompilerTests;
			sourceTree = "<group>";
		};
		42FAC8531B90984000C2E75B /* Supporting Files */ = {
			isa = PBXGroup;
			children = (
				42FAC8541B90984000C2E75B /* Info.plist */,
			);
			name = "Supporting Files";
			sourceTree = "<group>";
		};
/* End PBXGroup section */

/* Begin PBXNativeTarget section */
		42FAC8391B90984000C2E75B /* MyCompiler */ = {
			isa = PBXNativeTarget;
			buildConfigurationList = 42FAC8591B90984000C2E75B /* Build configuration list for PBXNativeTarget "MyCompiler" */;
			buildPhases = (
				42FAC8361B90984000C2E75B /* Sources */,
				42FAC8371B90984000C2E75B /* Frameworks */,
				42FAC8381B90984000C2E75B /* Resources */,
			);
			buildRules = (
			);
			dependencies = (
			);
			name = MyCompiler;
			productName = MyCompiler;
			productReference = 42FAC83A1B90984000C2E75B /* MyCompiler.app */;
			productType = "com.apple.product-type.application";
		};
		42FAC84E1B90984000C2E75B /* MyCompilerTests */ = {
			isa = PBXNativeTarget;
			buildConfigurationList = 42FAC85C1B90984000C2E75B /* Build configuration list for PBXNativeTarget "MyCompilerTests" */;
			buildPhases = (
				42FAC84B1B90984000C2E75B /* Sources */,
				42FAC84C1B90984000C2E75B /* Frameworks */,
				42FAC84D1B90984000C2E75B /* Resources */,
			);
			buildRules = (
			);
			dependencies = (
				42FAC8511B90984000C2E75B /* PBXTargetDependency */,
			);
			name = MyCompilerTests;
			productName = MyCompilerTests;
			productReference = 42FAC84F1B90984000C2E75B /* MyCompilerTests.xctest */;
			productType = "com.apple.product-type.bundle.unit-test";
		};
/* End PBXNativeTarget section */

/* Begin PBXProject section */
		42FAC8321B90983F00C2E75B /* Project object */ = {
			isa = PBXProject;
			attributes = {
				LastSwiftUpdateCheck = 0700;
				LastUpgradeCheck = 0640;
				ORGANIZATIONNAME = Mohsin;
				TargetAttributes = {
					42FAC8391B90984000C2E75B = {
						CreatedOnToolsVersion = 6.4;
					};
					42FAC84E1B90984000C2E75B = {
						CreatedOnToolsVersion = 6.4;
						TestTargetID = 42FAC8391B90984000C2E75B;
					};
				};
			};
			buildConfigurationList = 42FAC8351B90983F00C2E75B /* Build configuration list for PBXProject "MyCompiler" */;
			compatibilityVersion = "Xcode 3.2";
			developmentRegion = English;
			hasScannedForEncodings = 0;
			knownRegions = (
				en,
				Base,
			);
			mainGroup = 42FAC8311B90983F00C2E75B;
			productRefGroup = 42FAC83B1B90984000C2E75B /* Products */;
			projectDirPath = "";
			projectRoot = "";
			targets = (
				42FAC8391B90984000C2E75B /* MyCompiler */,
				42FAC84E1B90984000C2E75B /* MyCompilerTests */,
			);
		};
/* End PBXProject section */

/* Begin PBXResourcesBuildPhase section */
		42FAC8381B90984000C2E75B /* Resources */ = {
			isa = PBXResourcesBuildPhase;
			buildActionMask = 2147483647;
			files = (
				42FAC8471B90984000C2E75B /* Images.xcassets in Resources */,
				42B20ABE1B9CBFA40042779F /* Blue_dot.png in Resources */,
				42FAC84A1B90984000C2E75B /* Main.storyboard in Resources */,
			);
			runOnlyForDeploymentPostprocessing = 0;
		};
		42FAC84D1B90984000C2E75B /* Resources */ = {
			isa = PBXResourcesBuildPhase;
			buildActionMask = 2147483647;
			files = (
			);
			runOnlyForDeploymentPostprocessing = 0;
		};
/* End PBXResourcesBuildPhase section */

/* Begin PBXSourcesBuildPhase section */
		42FAC8361B90984000C2E75B /* Sources */ = {
			isa = PBXSourcesBuildPhase;
			buildActionMask = 2147483647;
			files = (
				4277CAB11C04A6B200A10F13 /* DoWhile.swift in Sources */,
				42726AA61B9C36C60058888F /* MyToken.swift in Sources */,
				42A0A8C31C0466C0005B8C00 /* Exp.swift in Sources */,
				421C9EF31B9DA28F006B48B9 /* Miscellaneous.swift in Sources */,
				42FAC8421B90984000C2E75B /* ViewController.swift in Sources */,
				4277CAA71C049F8100A10F13 /* ArrDec.swift in Sources */,
				4277CAA51C049E0000A10F13 /* Assign.swift in Sources */,
				4277CAAD1C04A5AC00A10F13 /* ForEach.swift in Sources */,
				42FAC8451B90984000C2E75B /* MyCompiler.xcdatamodeld in Sources */,
				42B310D61C03A86B0093CB90 /* VarDec.swift in Sources */,
				4277CAA91C04A36500A10F13 /* IF.swift in Sources */,
				42726AA21B9C369D0058888F /* Parsing.swift in Sources */,
				42726AA41B9C36B40058888F /* TokenString.swift in Sources */,
				4277CAB71C04AAF200A10F13 /* Switch.swift in Sources */,
				42FAC8401B90984000C2E75B /* AppDelegate.swift in Sources */,
				4277CAA31C049CB000A10F13 /* Cond.swift in Sources */,
				42A0A8C11C0466B6005B8C00 /* ID.swift in Sources */,
				427407B81C05FD3B00F7AE96 /* VarArrDec.swift in Sources */,
				4277CAAF1C04A64F00A10F13 /* While.swift in Sources */,
				4277CAB31C04A95100A10F13 /* Func.swift in Sources */,
				42B310D81C03A8C50093CB90 /* Constants.swift in Sources */,
				4277CAAB1C04A4A200A10F13 /* For.swift in Sources */,
				4277CA9F1C04941900A10F13 /* DT.swift in Sources */,
				4277CAA11C049AFF00A10F13 /* IncDec.swift in Sources */,
				42A0A8BD1C0465BD005B8C00 /* Body.swift in Sources */,
				4277CAB51C04AAA100A10F13 /* FuncCall.swift in Sources */,
				42A0A8C51C046B43005B8C00 /* ID_Const.swift in Sources */,
				42A0A8BF1C0466AC005B8C00 /* Const.swift in Sources */,
				4277CA9D1C04931700A10F13 /* ROP.swift in Sources */,
				427407BA1C064BCF00F7AE96 /* Return.swift in Sources */,
			);
			runOnlyForDeploymentPostprocessing = 0;
		};
		42FAC84B1B90984000C2E75B /* Sources */ = {
			isa = PBXSourcesBuildPhase;
			buildActionMask = 2147483647;
			files = (
				42FAC8561B90984000C2E75B /* MyCompilerTests.swift in Sources */,
			);
			runOnlyForDeploymentPostprocessing = 0;
		};
/* End PBXSourcesBuildPhase section */

/* Begin PBXTargetDependency section */
		42FAC8511B90984000C2E75B /* PBXTargetDependency */ = {
			isa = PBXTargetDependency;
			target = 42FAC8391B90984000C2E75B /* MyCompiler */;
			targetProxy = 42FAC8501B90984000C2E75B /* PBXContainerItemProxy */;
		};
/* End PBXTargetDependency section */

/* Begin PBXVariantGroup section */
		42FAC8481B90984000C2E75B /* Main.storyboard */ = {
			isa = PBXVariantGroup;
			children = (
				42FAC8491B90984000C2E75B /* Base */,
			);
			name = Main.storyboard;
			sourceTree = "<group>";
		};
/* End PBXVariantGroup section */

/* Begin XCBuildConfiguration section */
		42FAC8571B90984000C2E75B /* Debug */ = {
			isa = XCBuildConfiguration;
			buildSettings = {
				ALWAYS_SEARCH_USER_PATHS = NO;
				CLANG_CXX_LANGUAGE_STANDARD = "gnu++0x";
				CLANG_CXX_LIBRARY = "libc++";
				CLANG_ENABLE_MODULES = YES;
				CLANG_ENABLE_OBJC_ARC = YES;
				CLANG_WARN_BOOL_CONVERSION = YES;
				CLANG_WARN_CONSTANT_CONVERSION = YES;
				CLANG_WARN_DIRECT_OBJC_ISA_USAGE = YES_ERROR;
				CLANG_WARN_EMPTY_BODY = YES;
				CLANG_WARN_ENUM_CONVERSION = YES;
				CLANG_WARN_INT_CONVERSION = YES;
				CLANG_WARN_OBJC_ROOT_CLASS = YES_ERROR;
				CLANG_WARN_UNREACHABLE_CODE = YES;
				CLANG_WARN__DUPLICATE_METHOD_MATCH = YES;
				CODE_SIGN_IDENTITY = "-";
				COPY_PHASE_STRIP = NO;
				DEBUG_INFORMATION_FORMAT = dwarf;
				ENABLE_STRICT_OBJC_MSGSEND = YES;
				GCC_C_LANGUAGE_STANDARD = gnu99;
				GCC_DYNAMIC_NO_PIC = NO;
				GCC_NO_COMMON_BLOCKS = YES;
				GCC_OPTIMIZATION_LEVEL = 0;
				GCC_PREPROCESSOR_DEFINITIONS = (
					"DEBUG=1",
					"$(inherited)",
				);
				GCC_SYMBOLS_PRIVATE_EXTERN = NO;
				GCC_WARN_64_TO_32_BIT_CONVERSION = YES;
				GCC_WARN_ABOUT_RETURN_TYPE = YES_ERROR;
				GCC_WARN_UNDECLARED_SELECTOR = YES;
				GCC_WARN_UNINITIALIZED_AUTOS = YES_AGGRESSIVE;
				GCC_WARN_UNUSED_FUNCTION = YES;
				GCC_WARN_UNUSED_VARIABLE = YES;
				MACOSX_DEPLOYMENT_TARGET = 10.10;
				MTL_ENABLE_DEBUG_INFO = YES;
				ONLY_ACTIVE_ARCH = YES;
				SDKROOT = macosx;
				SWIFT_OPTIMIZATION_LEVEL = "-Onone";
			};
			name = Debug;
		};
		42FAC8581B90984000C2E75B /* Release */ = {
			isa = XCBuildConfiguration;
			buildSettings = {
				ALWAYS_SEARCH_USER_PATHS = NO;
				CLANG_CXX_LANGUAGE_STANDARD = "gnu++0x";
				CLANG_CXX_LIBRARY = "libc++";
				CLANG_ENABLE_MODULES = YES;
				CLANG_ENABLE_OBJC_ARC = YES;
				CLANG_WARN_BOOL_CONVERSION = YES;
				CLANG_WARN_CONSTANT_CONVERSION = YES;
				CLANG_WARN_DIRECT_OBJC_ISA_USAGE = YES_ERROR;
				CLANG_WARN_EMPTY_BODY = YES;
				CLANG_WARN_ENUM_CONVERSION = YES;
				CLANG_WARN_INT_CONVERSION = YES;
				CLANG_WARN_OBJC_ROOT_CLASS = YES_ERROR;
				CLANG_WARN_UNREACHABLE_CODE = YES;
				CLANG_WARN__DUPLICATE_METHOD_MATCH = YES;
				CODE_SIGN_IDENTITY = "-";
				COPY_PHASE_STRIP = NO;
				DEBUG_INFORMATION_FORMAT = "dwarf-with-dsym";
				ENABLE_NS_ASSERTIONS = NO;
				ENABLE_STRICT_OBJC_MSGSEND = YES;
				GCC_C_LANGUAGE_STANDARD = gnu99;
				GCC_NO_COMMON_BLOCKS = YES;
				GCC_WARN_64_TO_32_BIT_CONVERSION = YES;
				GCC_WARN_ABOUT_RETURN_TYPE = YES_ERROR;
				GCC_WARN_UNDECLARED_SELECTOR = YES;
				GCC_WARN_UNINITIALIZED_AUTOS = YES_AGGRESSIVE;
				GCC_WARN_UNUSED_FUNCTION = YES;
				GCC_WARN_UNUSED_VARIABLE = YES;
				MACOSX_DEPLOYMENT_TARGET = 10.10;
				MTL_ENABLE_DEBUG_INFO = NO;
				SDKROOT = macosx;
			};
			name = Release;
		};
		42FAC85A1B90984000C2E75B /* Debug */ = {
			isa = XCBuildConfiguration;
			buildSettings = {
				ASSETCATALOG_COMPILER_APPICON_NAME = AppIcon;
				COMBINE_HIDPI_IMAGES = YES;
				INFOPLIST_FILE = MyCompiler/Info.plist;
				LD_RUNPATH_SEARCH_PATHS = "$(inherited) @executable_path/../Frameworks";
				PRODUCT_NAME = "$(TARGET_NAME)";
			};
			name = Debug;
		};
		42FAC85B1B90984000C2E75B /* Release */ = {
			isa = XCBuildConfiguration;
			buildSettings = {
				ASSETCATALOG_COMPILER_APPICON_NAME = AppIcon;
				COMBINE_HIDPI_IMAGES = YES;
				INFOPLIST_FILE = MyCompiler/Info.plist;
				LD_RUNPATH_SEARCH_PATHS = "$(inherited) @executable_path/../Frameworks";
				PRODUCT_NAME = "$(TARGET_NAME)";
			};
			name = Release;
		};
		42FAC85D1B90984000C2E75B /* Debug */ = {
			isa = XCBuildConfiguration;
			buildSettings = {
				BUNDLE_LOADER = "$(TEST_HOST)";
				COMBINE_HIDPI_IMAGES = YES;
				FRAMEWORK_SEARCH_PATHS = (
					"$(DEVELOPER_FRAMEWORKS_DIR)",
					"$(inherited)",
				);
				GCC_PREPROCESSOR_DEFINITIONS = (
					"DEBUG=1",
					"$(inherited)",
				);
				INFOPLIST_FILE = MyCompilerTests/Info.plist;
				LD_RUNPATH_SEARCH_PATHS = "$(inherited) @executable_path/../Frameworks @loader_path/../Frameworks";
				PRODUCT_NAME = "$(TARGET_NAME)";
				TEST_HOST = "$(BUILT_PRODUCTS_DIR)/MyCompiler.app/Contents/MacOS/MyCompiler";
			};
			name = Debug;
		};
		42FAC85E1B90984000C2E75B /* Release */ = {
			isa = XCBuildConfiguration;
			buildSettings = {
				BUNDLE_LOADER = "$(TEST_HOST)";
				COMBINE_HIDPI_IMAGES = YES;
				FRAMEWORK_SEARCH_PATHS = (
					"$(DEVELOPER_FRAMEWORKS_DIR)",
					"$(inherited)",
				);
				INFOPLIST_FILE = MyCompilerTests/Info.plist;
				LD_RUNPATH_SEARCH_PATHS = "$(inherited) @executable_path/../Frameworks @loader_path/../Frameworks";
				PRODUCT_NAME = "$(TARGET_NAME)";
				TEST_HOST = "$(BUILT_PRODUCTS_DIR)/MyCompiler.app/Contents/MacOS/MyCompiler";
			};
			name = Release;
		};
/* End XCBuildConfiguration section */

/* Begin XCConfigurationList section */
		42FAC8351B90983F00C2E75B /* Build configuration list for PBXProject "MyCompiler" */ = {
			isa = XCConfigurationList;
			buildConfigurations = (
				42FAC8571B90984000C2E75B /* Debug */,
				42FAC8581B90984000C2E75B /* Release */,
			);
			defaultConfigurationIsVisible = 0;
			defaultConfigurationName = Release;
		};
		42FAC8591B90984000C2E75B /* Build configuration list for PBXNativeTarget "MyCompiler" */ = {
			isa = XCConfigurationList;
			buildConfigurations = (
				42FAC85A1B90984000C2E75B /* Debug */,
				42FAC85B1B90984000C2E75B /* Release */,
			);
			defaultConfigurationIsVisible = 0;
			defaultConfigurationName = Release;
		};
		42FAC85C1B90984000C2E75B /* Build configuration list for PBXNativeTarget "MyCompilerTests" */ = {
			isa = XCConfigurationList;
			buildConfigurations = (
				42FAC85D1B90984000C2E75B /* Debug */,
				42FAC85E1B90984000C2E75B /* Release */,
			);
			defaultConfigurationIsVisible = 0;
			defaultConfigurationName = Release;
		};
/* End XCConfigurationList section */

/* Begin XCVersionGroup section */
		42FAC8431B90984000C2E75B /* MyCompiler.xcdatamodeld */ = {
			isa = XCVersionGroup;
			children = (
				42FAC8441B90984000C2E75B /* MyCompiler.xcdatamodel */,
			);
			currentVersion = 42FAC8441B90984000C2E75B /* MyCompiler.xcdatamodel */;
			path = MyCompiler.xcdatamodeld;
			sourceTree = "<group>";
			versionGroupType = wrapper.xcdatamodel;
		};
/* End XCVersionGroup section */
	};
	rootObject = 42FAC8321B90983F00C2E75B /* Project object */;
}
